
Microsoft Visual Studio Solution File, Format Version 12.00
# Visual Studio Version 16
VisualStudioVersion = 16.0.29409.12
MinimumVisualStudioVersion = 10.0.40219.1
Project("{9A19103F-16F7-4668-BE54-9A1E7A4F7556}") = "Tools", "Tools\Tools.csproj", "{958D07D1-EEB7-4BC9-9A58-318F53C67B9B}"
EndProject
Project("{9A19103F-16F7-4668-BE54-9A1E7A4F7556}") = "Host", "Host\Host.csproj", "{C762E1AF-1949-433B-B995-4D4E35F1A687}"
EndProject
Project("{9A19103F-16F7-4668-BE54-9A1E7A4F7556}") = "Subnetwork", "Subnetwork\Subnetwork.csproj", "{8FFFCA15-75FA-4E43-AA4C-C2ECFBD80481}"
EndProject
Project("{9A19103F-16F7-4668-BE54-9A1E7A4F7556}") = "Node", "Node\Node.csproj", "{3CB22667-26DF-4088-83D6-8B11F05BD124}"
EndProject
Project("{9A19103F-16F7-4668-BE54-9A1E7A4F7556}") = "ManagerApp", "ManagerApp\ManagerApp.csproj", "{1C0C4A95-55BA-4A02-9EAA-F42C7F3EBFE6}"
EndProject
Project("{FAE04EC0-301F-11D3-BF4B-00C04F79EFBC}") = "CableCloud", "CableCloud\CableCloud.csproj", "{CC3E037D-FB8A-461F-8055-1EFB8C1DF868}"
EndProject
Global
	GlobalSection(SolutionConfigurationPlatforms) = preSolution
		Debug|Any CPU = Debug|Any CPU
		Release|Any CPU = Release|Any CPU
	EndGlobalSection
	GlobalSection(ProjectConfigurationPlatforms) = postSolution
		{958D07D1-EEB7-4BC9-9A58-318F53C67B9B}.Debug|Any CPU.ActiveCfg = Debug|Any CPU
		{958D07D1-EEB7-4BC9-9A58-318F53C67B9B}.Debug|Any CPU.Build.0 = Debug|Any CPU
		{958D07D1-EEB7-4BC9-9A58-318F53C67B9B}.Release|Any CPU.ActiveCfg = Release|Any CPU
		{958D07D1-EEB7-4BC9-9A58-318F53C67B9B}.Release|Any CPU.Build.0 = Release|Any CPU
		{C762E1AF-1949-433B-B995-4D4E35F1A687}.Debug|Any CPU.ActiveCfg = Debug|Any CPU
		{C762E1AF-1949-433B-B995-4D4E35F1A687}.Debug|Any CPU.Build.0 = Debug|Any CPU
		{C762E1AF-1949-433B-B995-4D4E35F1A687}.Release|Any CPU.ActiveCfg = Release|Any CPU
		{C762E1AF-1949-433B-B995-4D4E35F1A687}.Release|Any CPU.Build.0 = Release|Any CPU
		{8FFFCA15-75FA-4E43-AA4C-C2ECFBD80481}.Debug|Any CPU.ActiveCfg = Debug|Any CPU
		{8FFFCA15-75FA-4E43-AA4C-C2ECFBD80481}.Debug|Any CPU.Build.0 = Debug|Any CPU
		{8FFFCA15-75FA-4E43-AA4C-C2ECFBD80481}.Release|Any CPU.ActiveCfg = Release|Any CPU
		{8FFFCA15-75FA-4E43-AA4C-C2ECFBD80481}.Release|Any CPU.Build.0 = Release|Any CPU
		{3CB22667-26DF-4088-83D6-8B11F05BD124}.Debug|Any CPU.ActiveCfg = Debug|Any CPU
		{3CB22667-26DF-4088-83D6-8B11F05BD124}.Debug|Any CPU.Build.0 = Debug|Any CPU
		{3CB22667-26DF-4088-83D6-8B11F05BD124}.Release|Any CPU.ActiveCfg = Release|Any CPU
		{3CB22667-26DF-4088-83D6-8B11F05BD124}.Release|Any CPU.Build.0 = Release|Any CPU
		{1C0C4A95-55BA-4A02-9EAA-F42C7F3EBFE6}.Debug|Any CPU.ActiveCfg = Debug|Any CPU
		{1C0C4A95-55BA-4A02-9EAA-F42C7F3EBFE6}.Debug|Any CPU.Build.0 = Debug|Any CPU
		{1C0C4A95-55BA-4A02-9EAA-F42C7F3EBFE6}.Release|Any CPU.ActiveCfg = Release|Any CPU
		{1C0C4A95-55BA-4A02-9EAA-F42C7F3EBFE6}.Release|Any CPU.Build.0 = Release|Any CPU
		{CC3E037D-FB8A-461F-8055-1EFB8C1DF868}.Debug|Any CPU.ActiveCfg = Debug|Any CPU
		{CC3E037D-FB8A-461F-8055-1EFB8C1DF868}.Debug|Any CPU.Build.0 = Debug|Any CPU
		{CC3E037D-FB8A-461F-8055-1EFB8C1DF868}.Release|Any CPU.ActiveCfg = Release|Any CPU
		{CC3E037D-FB8A-461F-8055-1EFB8C1DF868}.Release|Any CPU.Build.0 = Release|Any CPU
	EndGlobalSection
	GlobalSection(SolutionProperties) = preSolution
		HideSolutionNode = FALSE
	EndGlobalSection
	GlobalSection(ExtensibilityGlobals) = postSolution
		SolutionGuid = {8DBC13A3-20F9-4E57-AB53-0FF4F0BCDA98}
	EndGlobalSection
EndGlobal
