
Microsoft Visual Studio Solution File, Format Version 12.00
# Visual Studio Version 16
VisualStudioVersion = 16.0.29409.12
MinimumVisualStudioVersion = 10.0.40219.1
Project("{FAE04EC0-301F-11D3-BF4B-00C04F79EFBC}") = "Tools", "Tools\Tools.csproj", "{958D07D1-EEB7-4BC9-9A58-318F53C67B9B}"
EndProject
Project("{FAE04EC0-301F-11D3-BF4B-00C04F79EFBC}") = "Host", "Host\Host.csproj", "{B04E5983-7DA1-4C7F-B2EE-0233FDF7A134}"
EndProject
Global
	GlobalSection(SolutionConfigurationPlatforms) = preSolution
		Debug|Any CPU = Debug|Any CPU
		Release|Any CPU = Release|Any CPU
	EndGlobalSection
	GlobalSection(ProjectConfigurationPlatforms) = postSolution
		{958D07D1-EEB7-4BC9-9A58-318F53C67B9B}.Debug|Any CPU.ActiveCfg = Debug|Any CPU
		{958D07D1-EEB7-4BC9-9A58-318F53C67B9B}.Debug|Any CPU.Build.0 = Debug|Any CPU
		{958D07D1-EEB7-4BC9-9A58-318F53C67B9B}.Release|Any CPU.ActiveCfg = Release|Any CPU
		{958D07D1-EEB7-4BC9-9A58-318F53C67B9B}.Release|Any CPU.Build.0 = Release|Any CPU
		{B04E5983-7DA1-4C7F-B2EE-0233FDF7A134}.Debug|Any CPU.ActiveCfg = Debug|Any CPU
		{B04E5983-7DA1-4C7F-B2EE-0233FDF7A134}.Debug|Any CPU.Build.0 = Debug|Any CPU
		{B04E5983-7DA1-4C7F-B2EE-0233FDF7A134}.Release|Any CPU.ActiveCfg = Release|Any CPU
		{B04E5983-7DA1-4C7F-B2EE-0233FDF7A134}.Release|Any CPU.Build.0 = Release|Any CPU
	EndGlobalSection
	GlobalSection(SolutionProperties) = preSolution
		HideSolutionNode = FALSE
	EndGlobalSection
	GlobalSection(ExtensibilityGlobals) = postSolution
		SolutionGuid = {8DBC13A3-20F9-4E57-AB53-0FF4F0BCDA98}
	EndGlobalSection
EndGlobal
